
Microsoft Visual Studio Solution File, Format Version 12.00
# Visual Studio Version 16
VisualStudioVersion = 16.0.29609.76
MinimumVisualStudioVersion = 10.0.40219.1
Project("{FAE04EC0-301F-11D3-BF4B-00C04F79EFBC}") = "stiehl.dev", "stiehl.dev.csproj", "{039C000A-86D3-456D-A183-319903518B0F}"
EndProject
Global
	GlobalSection(SolutionConfigurationPlatforms) = preSolution
		Debug|Any CPU = Debug|Any CPU
		Release|Any CPU = Release|Any CPU
	EndGlobalSection
	GlobalSection(ProjectConfigurationPlatforms) = postSolution
		{039C000A-86D3-456D-A183-319903518B0F}.Debug|Any CPU.ActiveCfg = Debug|Any CPU
		{039C000A-86D3-456D-A183-319903518B0F}.Debug|Any CPU.Build.0 = Debug|Any CPU
		{039C000A-86D3-456D-A183-319903518B0F}.Release|Any CPU.ActiveCfg = Release|Any CPU
		{039C000A-86D3-456D-A183-319903518B0F}.Release|Any CPU.Build.0 = Release|Any CPU
	EndGlobalSection
	GlobalSection(SolutionProperties) = preSolution
		HideSolutionNode = FALSE
	EndGlobalSection
	GlobalSection(ExtensibilityGlobals) = postSolution
		SolutionGuid = {0CC93A28-6941-4F81-9C67-280EB1C55966}
	EndGlobalSection
EndGlobal
